
Microsoft Visual Studio Solution File, Format Version 12.00
# Visual Studio Version 17
VisualStudioVersion = 17.9.34607.119
MinimumVisualStudioVersion = 10.0.40219.1
Project("{9A19103F-16F7-4668-BE54-9A1E7A4F7556}") = "Entities", "Entities\Entities.csproj", "{B5925C49-5558-489E-BDE9-7F72EE5708AE}"
EndProject
Project("{9A19103F-16F7-4668-BE54-9A1E7A4F7556}") = "DataAccess", "DataAccess\DataAccess.csproj", "{92E3F138-85DB-4B75-87AF-299ADF3AAF7E}"
EndProject
Project("{9A19103F-16F7-4668-BE54-9A1E7A4F7556}") = "Business", "Business\Business.csproj", "{C895FE08-D5C5-41FF-877C-3045E0C771A0}"
EndProject
Project("{9A19103F-16F7-4668-BE54-9A1E7A4F7556}") = "ConsoleUI", "ConsoleUI\ConsoleUI.csproj", "{9B99E2F7-0B50-408C-8BD1-7ECA7D82BA0B}"
EndProject
Project("{FAE04EC0-301F-11D3-BF4B-00C04F79EFBC}") = "Core", "Core\Core.csproj", "{D56E9E9D-7BED-4154-9C34-8406A4398C3D}"
EndProject
Global
	GlobalSection(SolutionConfigurationPlatforms) = preSolution
		Debug|Any CPU = Debug|Any CPU
		Release|Any CPU = Release|Any CPU
	EndGlobalSection
	GlobalSection(ProjectConfigurationPlatforms) = postSolution
		{B5925C49-5558-489E-BDE9-7F72EE5708AE}.Debug|Any CPU.ActiveCfg = Debug|Any CPU
		{B5925C49-5558-489E-BDE9-7F72EE5708AE}.Debug|Any CPU.Build.0 = Debug|Any CPU
		{B5925C49-5558-489E-BDE9-7F72EE5708AE}.Release|Any CPU.ActiveCfg = Release|Any CPU
		{B5925C49-5558-489E-BDE9-7F72EE5708AE}.Release|Any CPU.Build.0 = Release|Any CPU
		{92E3F138-85DB-4B75-87AF-299ADF3AAF7E}.Debug|Any CPU.ActiveCfg = Debug|Any CPU
		{92E3F138-85DB-4B75-87AF-299ADF3AAF7E}.Debug|Any CPU.Build.0 = Debug|Any CPU
		{92E3F138-85DB-4B75-87AF-299ADF3AAF7E}.Release|Any CPU.ActiveCfg = Release|Any CPU
		{92E3F138-85DB-4B75-87AF-299ADF3AAF7E}.Release|Any CPU.Build.0 = Release|Any CPU
		{C895FE08-D5C5-41FF-877C-3045E0C771A0}.Debug|Any CPU.ActiveCfg = Debug|Any CPU
		{C895FE08-D5C5-41FF-877C-3045E0C771A0}.Debug|Any CPU.Build.0 = Debug|Any CPU
		{C895FE08-D5C5-41FF-877C-3045E0C771A0}.Release|Any CPU.ActiveCfg = Release|Any CPU
		{C895FE08-D5C5-41FF-877C-3045E0C771A0}.Release|Any CPU.Build.0 = Release|Any CPU
		{9B99E2F7-0B50-408C-8BD1-7ECA7D82BA0B}.Debug|Any CPU.ActiveCfg = Debug|Any CPU
		{9B99E2F7-0B50-408C-8BD1-7ECA7D82BA0B}.Debug|Any CPU.Build.0 = Debug|Any CPU
		{9B99E2F7-0B50-408C-8BD1-7ECA7D82BA0B}.Release|Any CPU.ActiveCfg = Release|Any CPU
		{9B99E2F7-0B50-408C-8BD1-7ECA7D82BA0B}.Release|Any CPU.Build.0 = Release|Any CPU
		{D56E9E9D-7BED-4154-9C34-8406A4398C3D}.Debug|Any CPU.ActiveCfg = Debug|Any CPU
		{D56E9E9D-7BED-4154-9C34-8406A4398C3D}.Debug|Any CPU.Build.0 = Debug|Any CPU
		{D56E9E9D-7BED-4154-9C34-8406A4398C3D}.Release|Any CPU.ActiveCfg = Release|Any CPU
		{D56E9E9D-7BED-4154-9C34-8406A4398C3D}.Release|Any CPU.Build.0 = Release|Any CPU
	EndGlobalSection
	GlobalSection(SolutionProperties) = preSolution
		HideSolutionNode = FALSE
	EndGlobalSection
	GlobalSection(ExtensibilityGlobals) = postSolution
		SolutionGuid = {4EAE271D-2F35-44C5-A1BC-8604D7A8CDC3}
	EndGlobalSection
EndGlobal
